// !$*UTF8*$!
{
	archiveVersion = 1;
	classes = {
	};
	objectVersion = 50;
	objects = {

/* Begin PBXBuildFile section */
		D21FB92F2417F82E006C095F /* PNPForm.framework in Frameworks */ = {isa = PBXBuildFile; fileRef = D21FB9252417F82E006C095F /* PNPForm.framework */; };
		D21FB9342417F82E006C095F /* PNPFormTests.swift in Sources */ = {isa = PBXBuildFile; fileRef = D21FB9332417F82E006C095F /* PNPFormTests.swift */; };
		D21FB9362417F82E006C095F /* PNPForm.h in Headers */ = {isa = PBXBuildFile; fileRef = D21FB9282417F82E006C095F /* PNPForm.h */; settings = {ATTRIBUTES = (Public, ); }; };
		D21FB96F2417F8D5006C095F /* AppDelegate.swift in Sources */ = {isa = PBXBuildFile; fileRef = D21FB96E2417F8D5006C095F /* AppDelegate.swift */; };
		D21FB9732417F8D6006C095F /* ViewController.swift in Sources */ = {isa = PBXBuildFile; fileRef = D21FB9722417F8D6006C095F /* ViewController.swift */; };
		D21FB9862417F8D6006C095F /* PNPFormSampleAppUITests.swift in Sources */ = {isa = PBXBuildFile; fileRef = D21FB9852417F8D6006C095F /* PNPFormSampleAppUITests.swift */; };
/* End PBXBuildFile section */

/* Begin PBXContainerItemProxy section */
		D21FB9302417F82E006C095F /* PBXContainerItemProxy */ = {
			isa = PBXContainerItemProxy;
			containerPortal = D21FB91C2417F82E006C095F /* Project object */;
			proxyType = 1;
			remoteGlobalIDString = D21FB9242417F82E006C095F;
			remoteInfo = PNPForm;
		};
		D21FB9822417F8D6006C095F /* PBXContainerItemProxy */ = {
			isa = PBXContainerItemProxy;
			containerPortal = D21FB91C2417F82E006C095F /* Project object */;
			proxyType = 1;
			remoteGlobalIDString = D21FB96B2417F8D5006C095F;
			remoteInfo = PNPFormSampleApp;
		};
/* End PBXContainerItemProxy section */

/* Begin PBXFileReference section */
		D21FB9252417F82E006C095F /* PNPForm.framework */ = {isa = PBXFileReference; explicitFileType = wrapper.framework; includeInIndex = 0; path = PNPForm.framework; sourceTree = BUILT_PRODUCTS_DIR; };
		D21FB9282417F82E006C095F /* PNPForm.h */ = {isa = PBXFileReference; lastKnownFileType = sourcecode.c.h; path = PNPForm.h; sourceTree = "<group>"; };
		D21FB9292417F82E006C095F /* Info.plist */ = {isa = PBXFileReference; lastKnownFileType = text.plist.xml; path = Info.plist; sourceTree = "<group>"; };
		D21FB92E2417F82E006C095F /* PNPFormTests.xctest */ = {isa = PBXFileReference; explicitFileType = wrapper.cfbundle; includeInIndex = 0; path = PNPFormTests.xctest; sourceTree = BUILT_PRODUCTS_DIR; };
		D21FB9332417F82E006C095F /* PNPFormTests.swift */ = {isa = PBXFileReference; lastKnownFileType = sourcecode.swift; path = PNPFormTests.swift; sourceTree = "<group>"; };
		D21FB9352417F82E006C095F /* Info.plist */ = {isa = PBXFileReference; lastKnownFileType = text.plist.xml; path = Info.plist; sourceTree = "<group>"; };
		D21FB96C2417F8D5006C095F /* PNPFormSampleApp.app */ = {isa = PBXFileReference; explicitFileType = wrapper.application; includeInIndex = 0; path = PNPFormSampleApp.app; sourceTree = BUILT_PRODUCTS_DIR; };
		D21FB96E2417F8D5006C095F /* AppDelegate.swift */ = {isa = PBXFileReference; lastKnownFileType = sourcecode.swift; path = AppDelegate.swift; sourceTree = "<group>"; };
		D21FB9722417F8D6006C095F /* ViewController.swift */ = {isa = PBXFileReference; lastKnownFileType = sourcecode.swift; path = ViewController.swift; sourceTree = "<group>"; };
		D21FB97C2417F8D6006C095F /* Info.plist */ = {isa = PBXFileReference; lastKnownFileType = text.plist.xml; path = Info.plist; sourceTree = "<group>"; };
		D21FB9812417F8D6006C095F /* PNPFormSampleAppUITests.xctest */ = {isa = PBXFileReference; explicitFileType = wrapper.cfbundle; includeInIndex = 0; path = PNPFormSampleAppUITests.xctest; sourceTree = BUILT_PRODUCTS_DIR; };
		D21FB9852417F8D6006C095F /* PNPFormSampleAppUITests.swift */ = {isa = PBXFileReference; lastKnownFileType = sourcecode.swift; path = PNPFormSampleAppUITests.swift; sourceTree = "<group>"; };
		D21FB9872417F8D6006C095F /* Info.plist */ = {isa = PBXFileReference; lastKnownFileType = text.plist.xml; path = Info.plist; sourceTree = "<group>"; };
/* End PBXFileReference section */

/* Begin PBXFrameworksBuildPhase section */
		D21FB9222417F82E006C095F /* Frameworks */ = {
			isa = PBXFrameworksBuildPhase;
			buildActionMask = 2147483647;
			files = (
			);
			runOnlyForDeploymentPostprocessing = 0;
		};
		D21FB92B2417F82E006C095F /* Frameworks */ = {
			isa = PBXFrameworksBuildPhase;
			buildActionMask = 2147483647;
			files = (
				D21FB92F2417F82E006C095F /* PNPForm.framework in Frameworks */,
			);
			runOnlyForDeploymentPostprocessing = 0;
		};
		D21FB9692417F8D5006C095F /* Frameworks */ = {
			isa = PBXFrameworksBuildPhase;
			buildActionMask = 2147483647;
			files = (
			);
			runOnlyForDeploymentPostprocessing = 0;
		};
		D21FB97E2417F8D6006C095F /* Frameworks */ = {
			isa = PBXFrameworksBuildPhase;
			buildActionMask = 2147483647;
			files = (
			);
			runOnlyForDeploymentPostprocessing = 0;
		};
/* End PBXFrameworksBuildPhase section */

/* Begin PBXGroup section */
		D21FB91B2417F82E006C095F = {
			isa = PBXGroup;
			children = (
				D21FB9272417F82E006C095F /* PNPForm */,
				D21FB9322417F82E006C095F /* PNPFormTests */,
				D21FB96D2417F8D5006C095F /* PNPFormSampleApp */,
				D21FB9842417F8D6006C095F /* PNPFormSampleAppUITests */,
				D21FB9262417F82E006C095F /* Products */,
			);
			sourceTree = "<group>";
		};
		D21FB9262417F82E006C095F /* Products */ = {
			isa = PBXGroup;
			children = (
				D21FB9252417F82E006C095F /* PNPForm.framework */,
				D21FB92E2417F82E006C095F /* PNPFormTests.xctest */,
				D21FB96C2417F8D5006C095F /* PNPFormSampleApp.app */,
				D21FB9812417F8D6006C095F /* PNPFormSampleAppUITests.xctest */,
			);
			name = Products;
			sourceTree = "<group>";
		};
		D21FB9272417F82E006C095F /* PNPForm */ = {
			isa = PBXGroup;
			children = (
				D21FB9282417F82E006C095F /* PNPForm.h */,
				D21FB9292417F82E006C095F /* Info.plist */,
			);
			path = PNPForm;
			sourceTree = "<group>";
		};
		D21FB9322417F82E006C095F /* PNPFormTests */ = {
			isa = PBXGroup;
			children = (
				D21FB9332417F82E006C095F /* PNPFormTests.swift */,
				D21FB9352417F82E006C095F /* Info.plist */,
			);
			path = PNPFormTests;
			sourceTree = "<group>";
		};
		D21FB96D2417F8D5006C095F /* PNPFormSampleApp */ = {
			isa = PBXGroup;
			children = (
				D21FB96E2417F8D5006C095F /* AppDelegate.swift */,
				D21FB9722417F8D6006C095F /* ViewController.swift */,
				D21FB97C2417F8D6006C095F /* Info.plist */,
			);
			path = PNPFormSampleApp;
			sourceTree = "<group>";
		};
		D21FB9842417F8D6006C095F /* PNPFormSampleAppUITests */ = {
			isa = PBXGroup;
			children = (
				D21FB9852417F8D6006C095F /* PNPFormSampleAppUITests.swift */,
				D21FB9872417F8D6006C095F /* Info.plist */,
			);
			path = PNPFormSampleAppUITests;
			sourceTree = "<group>";
		};
/* End PBXGroup section */

/* Begin PBXHeadersBuildPhase section */
		D21FB9202417F82E006C095F /* Headers */ = {
			isa = PBXHeadersBuildPhase;
			buildActionMask = 2147483647;
			files = (
				D21FB9362417F82E006C095F /* PNPForm.h in Headers */,
			);
			runOnlyForDeploymentPostprocessing = 0;
		};
/* End PBXHeadersBuildPhase section */

/* Begin PBXNativeTarget section */
		D21FB9242417F82E006C095F /* PNPForm */ = {
			isa = PBXNativeTarget;
			buildConfigurationList = D21FB9392417F82E006C095F /* Build configuration list for PBXNativeTarget "PNPForm" */;
			buildPhases = (
				D21FB9202417F82E006C095F /* Headers */,
				D21FB9212417F82E006C095F /* Sources */,
				D21FB9222417F82E006C095F /* Frameworks */,
				D21FB9232417F82E006C095F /* Resources */,
			);
			buildRules = (
			);
			dependencies = (
			);
			name = PNPForm;
			productName = PNPForm;
			productReference = D21FB9252417F82E006C095F /* PNPForm.framework */;
			productType = "com.apple.product-type.framework";
		};
		D21FB92D2417F82E006C095F /* PNPFormTests */ = {
			isa = PBXNativeTarget;
			buildConfigurationList = D21FB93C2417F82E006C095F /* Build configuration list for PBXNativeTarget "PNPFormTests" */;
			buildPhases = (
				D21FB92A2417F82E006C095F /* Sources */,
				D21FB92B2417F82E006C095F /* Frameworks */,
				D21FB92C2417F82E006C095F /* Resources */,
			);
			buildRules = (
			);
			dependencies = (
				D21FB9312417F82E006C095F /* PBXTargetDependency */,
			);
			name = PNPFormTests;
			productName = PNPFormTests;
			productReference = D21FB92E2417F82E006C095F /* PNPFormTests.xctest */;
			productType = "com.apple.product-type.bundle.unit-test";
		};
		D21FB96B2417F8D5006C095F /* PNPFormSampleApp */ = {
			isa = PBXNativeTarget;
			buildConfigurationList = D21FB9882417F8D6006C095F /* Build configuration list for PBXNativeTarget "PNPFormSampleApp" */;
			buildPhases = (
				D21FB9682417F8D5006C095F /* Sources */,
				D21FB9692417F8D5006C095F /* Frameworks */,
				D21FB96A2417F8D5006C095F /* Resources */,
			);
			buildRules = (
			);
			dependencies = (
			);
			name = PNPFormSampleApp;
			productName = PNPFormSampleApp;
			productReference = D21FB96C2417F8D5006C095F /* PNPFormSampleApp.app */;
			productType = "com.apple.product-type.application";
		};
		D21FB9802417F8D6006C095F /* PNPFormSampleAppUITests */ = {
			isa = PBXNativeTarget;
			buildConfigurationList = D21FB98B2417F8D6006C095F /* Build configuration list for PBXNativeTarget "PNPFormSampleAppUITests" */;
			buildPhases = (
				D21FB97D2417F8D6006C095F /* Sources */,
				D21FB97E2417F8D6006C095F /* Frameworks */,
				D21FB97F2417F8D6006C095F /* Resources */,
			);
			buildRules = (
			);
			dependencies = (
				D21FB9832417F8D6006C095F /* PBXTargetDependency */,
			);
			name = PNPFormSampleAppUITests;
			productName = PNPFormSampleAppUITests;
			productReference = D21FB9812417F8D6006C095F /* PNPFormSampleAppUITests.xctest */;
			productType = "com.apple.product-type.bundle.ui-testing";
		};
/* End PBXNativeTarget section */

/* Begin PBXProject section */
		D21FB91C2417F82E006C095F /* Project object */ = {
			isa = PBXProject;
			attributes = {
				LastSwiftUpdateCheck = 1130;
				LastUpgradeCheck = 1130;
				ORGANIZATIONNAME = LabLambWorks;
				TargetAttributes = {
					D21FB9242417F82E006C095F = {
						CreatedOnToolsVersion = 11.3.1;
					};
					D21FB92D2417F82E006C095F = {
						CreatedOnToolsVersion = 11.3.1;
					};
					D21FB96B2417F8D5006C095F = {
						CreatedOnToolsVersion = 11.3.1;
					};
					D21FB9802417F8D6006C095F = {
						CreatedOnToolsVersion = 11.3.1;
						TestTargetID = D21FB96B2417F8D5006C095F;
					};
				};
			};
			buildConfigurationList = D21FB91F2417F82E006C095F /* Build configuration list for PBXProject "PNPForm" */;
			compatibilityVersion = "Xcode 9.3";
			developmentRegion = en;
			hasScannedForEncodings = 0;
			knownRegions = (
				en,
				Base,
			);
			mainGroup = D21FB91B2417F82E006C095F;
			productRefGroup = D21FB9262417F82E006C095F /* Products */;
			projectDirPath = "";
			projectRoot = "";
			targets = (
				D21FB96B2417F8D5006C095F /* PNPFormSampleApp */,
				D21FB9242417F82E006C095F /* PNPForm */,
				D21FB92D2417F82E006C095F /* PNPFormTests */,
				D21FB9802417F8D6006C095F /* PNPFormSampleAppUITests */,
			);
		};
/* End PBXProject section */

/* Begin PBXResourcesBuildPhase section */
		D21FB9232417F82E006C095F /* Resources */ = {
			isa = PBXResourcesBuildPhase;
			buildActionMask = 2147483647;
			files = (
			);
			runOnlyForDeploymentPostprocessing = 0;
		};
		D21FB92C2417F82E006C095F /* Resources */ = {
			isa = PBXResourcesBuildPhase;
			buildActionMask = 2147483647;
			files = (
			);
			runOnlyForDeploymentPostprocessing = 0;
		};
		D21FB96A2417F8D5006C095F /* Resources */ = {
			isa = PBXResourcesBuildPhase;
			buildActionMask = 2147483647;
			files = (
			);
			runOnlyForDeploymentPostprocessing = 0;
		};
		D21FB97F2417F8D6006C095F /* Resources */ = {
			isa = PBXResourcesBuildPhase;
			buildActionMask = 2147483647;
			files = (
			);
			runOnlyForDeploymentPostprocessing = 0;
		};
/* End PBXResourcesBuildPhase section */

/* Begin PBXSourcesBuildPhase section */
		D21FB9212417F82E006C095F /* Sources */ = {
			isa = PBXSourcesBuildPhase;
			buildActionMask = 2147483647;
			files = (
			);
			runOnlyForDeploymentPostprocessing = 0;
		};
		D21FB92A2417F82E006C095F /* Sources */ = {
			isa = PBXSourcesBuildPhase;
			buildActionMask = 2147483647;
			files = (
				D21FB9342417F82E006C095F /* PNPFormTests.swift in Sources */,
			);
			runOnlyForDeploymentPostprocessing = 0;
		};
		D21FB9682417F8D5006C095F /* Sources */ = {
			isa = PBXSourcesBuildPhase;
			buildActionMask = 2147483647;
			files = (
				D21FB9732417F8D6006C095F /* ViewController.swift in Sources */,
				D21FB96F2417F8D5006C095F /* AppDelegate.swift in Sources */,
			);
			runOnlyForDeploymentPostprocessing = 0;
		};
		D21FB97D2417F8D6006C095F /* Sources */ = {
			isa = PBXSourcesBuildPhase;
			buildActionMask = 2147483647;
			files = (
				D21FB9862417F8D6006C095F /* PNPFormSampleAppUITests.swift in Sources */,
			);
			runOnlyForDeploymentPostprocessing = 0;
		};
/* End PBXSourcesBuildPhase section */

/* Begin PBXTargetDependency section */
		D21FB9312417F82E006C095F /* PBXTargetDependency */ = {
			isa = PBXTargetDependency;
			target = D21FB9242417F82E006C095F /* PNPForm */;
			targetProxy = D21FB9302417F82E006C095F /* PBXContainerItemProxy */;
		};
		D21FB9832417F8D6006C095F /* PBXTargetDependency */ = {
			isa = PBXTargetDependency;
			target = D21FB96B2417F8D5006C095F /* PNPFormSampleApp */;
			targetProxy = D21FB9822417F8D6006C095F /* PBXContainerItemProxy */;
		};
/* End PBXTargetDependency section */

/* Begin XCBuildConfiguration section */
		D21FB9372417F82E006C095F /* Debug */ = {
			isa = XCBuildConfiguration;
			buildSettings = {
				ALWAYS_SEARCH_USER_PATHS = NO;
				CLANG_ANALYZER_NONNULL = YES;
				CLANG_ANALYZER_NUMBER_OBJECT_CONVERSION = YES_AGGRESSIVE;
				CLANG_CXX_LANGUAGE_STANDARD = "gnu++14";
				CLANG_CXX_LIBRARY = "libc++";
				CLANG_ENABLE_MODULES = YES;
				CLANG_ENABLE_OBJC_ARC = YES;
				CLANG_ENABLE_OBJC_WEAK = YES;
				CLANG_WARN_BLOCK_CAPTURE_AUTORELEASING = YES;
				CLANG_WARN_BOOL_CONVERSION = YES;
				CLANG_WARN_COMMA = YES;
				CLANG_WARN_CONSTANT_CONVERSION = YES;
				CLANG_WARN_DEPRECATED_OBJC_IMPLEMENTATIONS = YES;
				CLANG_WARN_DIRECT_OBJC_ISA_USAGE = YES_ERROR;
				CLANG_WARN_DOCUMENTATION_COMMENTS = YES;
				CLANG_WARN_EMPTY_BODY = YES;
				CLANG_WARN_ENUM_CONVERSION = YES;
				CLANG_WARN_INFINITE_RECURSION = YES;
				CLANG_WARN_INT_CONVERSION = YES;
				CLANG_WARN_NON_LITERAL_NULL_CONVERSION = YES;
				CLANG_WARN_OBJC_IMPLICIT_RETAIN_SELF = YES;
				CLANG_WARN_OBJC_LITERAL_CONVERSION = YES;
				CLANG_WARN_OBJC_ROOT_CLASS = YES_ERROR;
				CLANG_WARN_RANGE_LOOP_ANALYSIS = YES;
				CLANG_WARN_STRICT_PROTOTYPES = YES;
				CLANG_WARN_SUSPICIOUS_MOVE = YES;
				CLANG_WARN_UNGUARDED_AVAILABILITY = YES_AGGRESSIVE;
				CLANG_WARN_UNREACHABLE_CODE = YES;
				CLANG_WARN__DUPLICATE_METHOD_MATCH = YES;
				COPY_PHASE_STRIP = NO;
				CURRENT_PROJECT_VERSION = 1;
				DEBUG_INFORMATION_FORMAT = dwarf;
				ENABLE_STRICT_OBJC_MSGSEND = YES;
				ENABLE_TESTABILITY = YES;
				GCC_C_LANGUAGE_STANDARD = gnu11;
				GCC_DYNAMIC_NO_PIC = NO;
				GCC_NO_COMMON_BLOCKS = YES;
				GCC_OPTIMIZATION_LEVEL = 0;
				GCC_PREPROCESSOR_DEFINITIONS = (
					"DEBUG=1",
					"$(inherited)",
				);
				GCC_WARN_64_TO_32_BIT_CONVERSION = YES;
				GCC_WARN_ABOUT_RETURN_TYPE = YES_ERROR;
				GCC_WARN_UNDECLARED_SELECTOR = YES;
				GCC_WARN_UNINITIALIZED_AUTOS = YES_AGGRESSIVE;
				GCC_WARN_UNUSED_FUNCTION = YES;
				GCC_WARN_UNUSED_VARIABLE = YES;
				IPHONEOS_DEPLOYMENT_TARGET = 13.2;
				MTL_ENABLE_DEBUG_INFO = INCLUDE_SOURCE;
				MTL_FAST_MATH = YES;
				ONLY_ACTIVE_ARCH = YES;
				SDKROOT = iphoneos;
				SWIFT_ACTIVE_COMPILATION_CONDITIONS = DEBUG;
				SWIFT_OPTIMIZATION_LEVEL = "-Onone";
				VERSIONING_SYSTEM = "apple-generic";
				VERSION_INFO_PREFIX = "";
			};
			name = Debug;
		};
		D21FB9382417F82E006C095F /* Release */ = {
			isa = XCBuildConfiguration;
			buildSettings = {
				ALWAYS_SEARCH_USER_PATHS = NO;
				CLANG_ANALYZER_NONNULL = YES;
				CLANG_ANALYZER_NUMBER_OBJECT_CONVERSION = YES_AGGRESSIVE;
				CLANG_CXX_LANGUAGE_STANDARD = "gnu++14";
				CLANG_CXX_LIBRARY = "libc++";
				CLANG_ENABLE_MODULES = YES;
				CLANG_ENABLE_OBJC_ARC = YES;
				CLANG_ENABLE_OBJC_WEAK = YES;
				CLANG_WARN_BLOCK_CAPTURE_AUTORELEASING = YES;
				CLANG_WARN_BOOL_CONVERSION = YES;
				CLANG_WARN_COMMA = YES;
				CLANG_WARN_CONSTANT_CONVERSION = YES;
				CLANG_WARN_DEPRECATED_OBJC_IMPLEMENTATIONS = YES;
				CLANG_WARN_DIRECT_OBJC_ISA_USAGE = YES_ERROR;
				CLANG_WARN_DOCUMENTATION_COMMENTS = YES;
				CLANG_WARN_EMPTY_BODY = YES;
				CLANG_WARN_ENUM_CONVERSION = YES;
				CLANG_WARN_INFINITE_RECURSION = YES;
				CLANG_WARN_INT_CONVERSION = YES;
				CLANG_WARN_NON_LITERAL_NULL_CONVERSION = YES;
				CLANG_WARN_OBJC_IMPLICIT_RETAIN_SELF = YES;
				CLANG_WARN_OBJC_LITERAL_CONVERSION = YES;
				CLANG_WARN_OBJC_ROOT_CLASS = YES_ERROR;
				CLANG_WARN_RANGE_LOOP_ANALYSIS = YES;
				CLANG_WARN_STRICT_PROTOTYPES = YES;
				CLANG_WARN_SUSPICIOUS_MOVE = YES;
				CLANG_WARN_UNGUARDED_AVAILABILITY = YES_AGGRESSIVE;
				CLANG_WARN_UNREACHABLE_CODE = YES;
				CLANG_WARN__DUPLICATE_METHOD_MATCH = YES;
				COPY_PHASE_STRIP = NO;
				CURRENT_PROJECT_VERSION = 1;
				DEBUG_INFORMATION_FORMAT = "dwarf-with-dsym";
				ENABLE_NS_ASSERTIONS = NO;
				ENABLE_STRICT_OBJC_MSGSEND = YES;
				GCC_C_LANGUAGE_STANDARD = gnu11;
				GCC_NO_COMMON_BLOCKS = YES;
				GCC_WARN_64_TO_32_BIT_CONVERSION = YES;
				GCC_WARN_ABOUT_RETURN_TYPE = YES_ERROR;
				GCC_WARN_UNDECLARED_SELECTOR = YES;
				GCC_WARN_UNINITIALIZED_AUTOS = YES_AGGRESSIVE;
				GCC_WARN_UNUSED_FUNCTION = YES;
				GCC_WARN_UNUSED_VARIABLE = YES;
				IPHONEOS_DEPLOYMENT_TARGET = 13.2;
				MTL_ENABLE_DEBUG_INFO = NO;
				MTL_FAST_MATH = YES;
				SDKROOT = iphoneos;
				SWIFT_COMPILATION_MODE = wholemodule;
				SWIFT_OPTIMIZATION_LEVEL = "-O";
				VALIDATE_PRODUCT = YES;
				VERSIONING_SYSTEM = "apple-generic";
				VERSION_INFO_PREFIX = "";
			};
			name = Release;
		};
		D21FB93A2417F82E006C095F /* Debug */ = {
			isa = XCBuildConfiguration;
			buildSettings = {
				CODE_SIGN_STYLE = Automatic;
				DEFINES_MODULE = YES;
				DYLIB_COMPATIBILITY_VERSION = 1;
				DYLIB_CURRENT_VERSION = 1;
				DYLIB_INSTALL_NAME_BASE = "@rpath";
				INFOPLIST_FILE = PNPForm/Info.plist;
				INSTALL_PATH = "$(LOCAL_LIBRARY_DIR)/Frameworks";
				LD_RUNPATH_SEARCH_PATHS = (
					"$(inherited)",
					"@executable_path/Frameworks",
					"@loader_path/Frameworks",
				);
				PRODUCT_BUNDLE_IDENTIFIER = LabLambWorks.PNPForm;
				PRODUCT_NAME = "$(TARGET_NAME:c99extidentifier)";
				SKIP_INSTALL = YES;
				SWIFT_VERSION = 5.0;
				TARGETED_DEVICE_FAMILY = "1,2";
			};
			name = Debug;
		};
		D21FB93B2417F82E006C095F /* Release */ = {
			isa = XCBuildConfiguration;
			buildSettings = {
				CODE_SIGN_STYLE = Automatic;
				DEFINES_MODULE = YES;
				DYLIB_COMPATIBILITY_VERSION = 1;
				DYLIB_CURRENT_VERSION = 1;
				DYLIB_INSTALL_NAME_BASE = "@rpath";
				INFOPLIST_FILE = PNPForm/Info.plist;
				INSTALL_PATH = "$(LOCAL_LIBRARY_DIR)/Frameworks";
				LD_RUNPATH_SEARCH_PATHS = (
					"$(inherited)",
					"@executable_path/Frameworks",
					"@loader_path/Frameworks",
				);
				PRODUCT_BUNDLE_IDENTIFIER = LabLambWorks.PNPForm;
				PRODUCT_NAME = "$(TARGET_NAME:c99extidentifier)";
				SKIP_INSTALL = YES;
				SWIFT_VERSION = 5.0;
				TARGETED_DEVICE_FAMILY = "1,2";
			};
			name = Release;
		};
		D21FB93D2417F82E006C095F /* Debug */ = {
			isa = XCBuildConfiguration;
			buildSettings = {
				CODE_SIGN_STYLE = Automatic;
				INFOPLIST_FILE = PNPFormTests/Info.plist;
				LD_RUNPATH_SEARCH_PATHS = (
					"$(inherited)",
					"@executable_path/Frameworks",
					"@loader_path/Frameworks",
				);
				PRODUCT_BUNDLE_IDENTIFIER = LabLambWorks.PNPFormTests;
				PRODUCT_NAME = "$(TARGET_NAME)";
				SWIFT_VERSION = 5.0;
				TARGETED_DEVICE_FAMILY = "1,2";
			};
			name = Debug;
		};
		D21FB93E2417F82E006C095F /* Release */ = {
			isa = XCBuildConfiguration;
			buildSettings = {
				CODE_SIGN_STYLE = Automatic;
				INFOPLIST_FILE = PNPFormTests/Info.plist;
				LD_RUNPATH_SEARCH_PATHS = (
					"$(inherited)",
					"@executable_path/Frameworks",
					"@loader_path/Frameworks",
				);
				PRODUCT_BUNDLE_IDENTIFIER = LabLambWorks.PNPFormTests;
				PRODUCT_NAME = "$(TARGET_NAME)";
				SWIFT_VERSION = 5.0;
				TARGETED_DEVICE_FAMILY = "1,2";
			};
			name = Release;
		};
		D21FB9892417F8D6006C095F /* Debug */ = {
			isa = XCBuildConfiguration;
			buildSettings = {
				CODE_SIGN_STYLE = Automatic;
				INFOPLIST_FILE = PNPFormSampleApp/Info.plist;
				LD_RUNPATH_SEARCH_PATHS = (
					"$(inherited)",
					"@executable_path/Frameworks",
				);
				PRODUCT_BUNDLE_IDENTIFIER = LabLambWorks.PNPFormSampleApp;
				PRODUCT_NAME = "$(TARGET_NAME)";
				SWIFT_VERSION = 5.0;
				TARGETED_DEVICE_FAMILY = "1,2";
			};
			name = Debug;
		};
		D21FB98A2417F8D6006C095F /* Release */ = {
			isa = XCBuildConfiguration;
			buildSettings = {
				CODE_SIGN_STYLE = Automatic;
				INFOPLIST_FILE = PNPFormSampleApp/Info.plist;
				LD_RUNPATH_SEARCH_PATHS = (
					"$(inherited)",
					"@executable_path/Frameworks",
				);
				PRODUCT_BUNDLE_IDENTIFIER = LabLambWorks.PNPFormSampleApp;
				PRODUCT_NAME = "$(TARGET_NAME)";
				SWIFT_VERSION = 5.0;
				TARGETED_DEVICE_FAMILY = "1,2";
			};
			name = Release;
		};
		D21FB98C2417F8D6006C095F /* Debug */ = {
			isa = XCBuildConfiguration;
			buildSettings = {
				ALWAYS_EMBED_SWIFT_STANDARD_LIBRARIES = YES;
				CODE_SIGN_STYLE = Automatic;
				INFOPLIST_FILE = PNPFormSampleAppUITests/Info.plist;
				LD_RUNPATH_SEARCH_PATHS = (
					"$(inherited)",
					"@executable_path/Frameworks",
					"@loader_path/Frameworks",
				);
				PRODUCT_BUNDLE_IDENTIFIER = LabLambWorks.PNPFormSampleAppUITests;
				PRODUCT_NAME = "$(TARGET_NAME)";
				SWIFT_VERSION = 5.0;
				TARGETED_DEVICE_FAMILY = "1,2";
				TEST_TARGET_NAME = PNPFormSampleApp;
			};
			name = Debug;
		};
		D21FB98D2417F8D6006C095F /* Release */ = {
			isa = XCBuildConfiguration;
			buildSettings = {
				ALWAYS_EMBED_SWIFT_STANDARD_LIBRARIES = YES;
				CODE_SIGN_STYLE = Automatic;
				INFOPLIST_FILE = PNPFormSampleAppUITests/Info.plist;
				LD_RUNPATH_SEARCH_PATHS = (
					"$(inherited)",
					"@executable_path/Frameworks",
					"@loader_path/Frameworks",
				);
				PRODUCT_BUNDLE_IDENTIFIER = LabLambWorks.PNPFormSampleAppUITests;
				PRODUCT_NAME = "$(TARGET_NAME)";
				SWIFT_VERSION = 5.0;
				TARGETED_DEVICE_FAMILY = "1,2";
				TEST_TARGET_NAME = PNPFormSampleApp;
			};
			name = Release;
		};
/* End XCBuildConfiguration section */

/* Begin XCConfigurationList section */
		D21FB91F2417F82E006C095F /* Build configuration list for PBXProject "PNPForm" */ = {
			isa = XCConfigurationList;
			buildConfigurations = (
				D21FB9372417F82E006C095F /* Debug */,
				D21FB9382417F82E006C095F /* Release */,
			);
			defaultConfigurationIsVisible = 0;
			defaultConfigurationName = Release;
		};
		D21FB9392417F82E006C095F /* Build configuration list for PBXNativeTarget "PNPForm" */ = {
			isa = XCConfigurationList;
			buildConfigurations = (
				D21FB93A2417F82E006C095F /* Debug */,
				D21FB93B2417F82E006C095F /* Release */,
			);
			defaultConfigurationIsVisible = 0;
			defaultConfigurationName = Release;
		};
		D21FB93C2417F82E006C095F /* Build configuration list for PBXNativeTarget "PNPFormTests" */ = {
			isa = XCConfigurationList;
			buildConfigurations = (
				D21FB93D2417F82E006C095F /* Debug */,
				D21FB93E2417F82E006C095F /* Release */,
			);
			defaultConfigurationIsVisible = 0;
			defaultConfigurationName = Release;
		};
		D21FB9882417F8D6006C095F /* Build configuration list for PBXNativeTarget "PNPFormSampleApp" */ = {
			isa = XCConfigurationList;
			buildConfigurations = (
				D21FB9892417F8D6006C095F /* Debug */,
				D21FB98A2417F8D6006C095F /* Release */,
			);
			defaultConfigurationIsVisible = 0;
			defaultConfigurationName = Release;
		};
		D21FB98B2417F8D6006C095F /* Build configuration list for PBXNativeTarget "PNPFormSampleAppUITests" */ = {
			isa = XCConfigurationList;
			buildConfigurations = (
				D21FB98C2417F8D6006C095F /* Debug */,
				D21FB98D2417F8D6006C095F /* Release */,
			);
			defaultConfigurationIsVisible = 0;
			defaultConfigurationName = Release;
		};
/* End XCConfigurationList section */
	};
	rootObject = D21FB91C2417F82E006C095F /* Project object */;
}
